
Microsoft Visual Studio Solution File, Format Version 12.00
# Visual Studio Version 17
VisualStudioVersion = 17.11.35222.181
MinimumVisualStudioVersion = 10.0.40219.1
Project("{FAE04EC0-301F-11D3-BF4B-00C04F79EFBC}") = "CarRentalApp2", "CarRentalApp2\CarRentalApp2.csproj", "{B7D48760-1B12-443F-95D7-1E4E7156FB97}"
EndProject
Global
	GlobalSection(SolutionConfigurationPlatforms) = preSolution
		Debug|Any CPU = Debug|Any CPU
		Release|Any CPU = Release|Any CPU
	EndGlobalSection
	GlobalSection(ProjectConfigurationPlatforms) = postSolution
		{B7D48760-1B12-443F-95D7-1E4E7156FB97}.Debug|Any CPU.ActiveCfg = Debug|Any CPU
		{B7D48760-1B12-443F-95D7-1E4E7156FB97}.Debug|Any CPU.Build.0 = Debug|Any CPU
		{B7D48760-1B12-443F-95D7-1E4E7156FB97}.Release|Any CPU.ActiveCfg = Release|Any CPU
		{B7D48760-1B12-443F-95D7-1E4E7156FB97}.Release|Any CPU.Build.0 = Release|Any CPU
	EndGlobalSection
	GlobalSection(SolutionProperties) = preSolution
		HideSolutionNode = FALSE
	EndGlobalSection
	GlobalSection(ExtensibilityGlobals) = postSolution
		SolutionGuid = {81C82221-5638-4AE6-9B20-4BC70507AE50}
	EndGlobalSection
EndGlobal
